hash: 7ad16c40e6e212157c2a652d22dd8c477575a3fdf324a7e08d8e6c92889412ec
updated: 2017-10-02T01:34:53.597306941-03:00
imports:
- name: github.com/gin-gonic/gin
  version: d459835d2b077e44f7c9b453505ee29881d5d12d
- name: github.com/go-sql-driver/mysql
  version: a0583e0143b1624142adab07e0e97fe106d99561
testImports: []
